
Microsoft Visual Studio Solution File, Format Version 12.00
# Visual Studio Version 16
VisualStudioVersion = 16.0.31829.152
MinimumVisualStudioVersion = 10.0.40219.1
Project("{FAE04EC0-301F-11D3-BF4B-00C04F79EFBC}") = "dht11_winform", "dht11_winform\dht11_winform.csproj", "{50E11E72-16F8-4077-B102-10D1CA0D9FCA}"
EndProject
Global
	GlobalSection(SolutionConfigurationPlatforms) = preSolution
		Debug|Any CPU = Debug|Any CPU
		Release|Any CPU = Release|Any CPU
	EndGlobalSection
	GlobalSection(ProjectConfigurationPlatforms) = postSolution
		{50E11E72-16F8-4077-B102-10D1CA0D9FCA}.Debug|Any CPU.ActiveCfg = Debug|Any CPU
		{50E11E72-16F8-4077-B102-10D1CA0D9FCA}.Debug|Any CPU.Build.0 = Debug|Any CPU
		{50E11E72-16F8-4077-B102-10D1CA0D9FCA}.Release|Any CPU.ActiveCfg = Release|Any CPU
		{50E11E72-16F8-4077-B102-10D1CA0D9FCA}.Release|Any CPU.Build.0 = Release|Any CPU
	EndGlobalSection
	GlobalSection(SolutionProperties) = preSolution
		HideSolutionNode = FALSE
	EndGlobalSection
	GlobalSection(ExtensibilityGlobals) = postSolution
		SolutionGuid = {317A1003-6869-4736-B831-1FDEA6464194}
	EndGlobalSection
EndGlobal
